
Microsoft Visual Studio Solution File, Format Version 12.00
# Visual Studio 15
VisualStudioVersion = 15.0.27130.2026
MinimumVisualStudioVersion = 10.0.40219.1
Project("{FAE04EC0-301F-11D3-BF4B-00C04F79EFBC}") = "SMMS", "SMMS\SMMS.csproj", "{8404D97A-A740-4673-B7E4-1D16F57D66E4}"
EndProject
Global
	GlobalSection(SolutionConfigurationPlatforms) = preSolution
		Debug|Any CPU = Debug|Any CPU
		Release|Any CPU = Release|Any CPU
	EndGlobalSection
	GlobalSection(ProjectConfigurationPlatforms) = postSolution
		{8404D97A-A740-4673-B7E4-1D16F57D66E4}.Debug|Any CPU.ActiveCfg = Debug|Any CPU
		{8404D97A-A740-4673-B7E4-1D16F57D66E4}.Debug|Any CPU.Build.0 = Debug|Any CPU
		{8404D97A-A740-4673-B7E4-1D16F57D66E4}.Release|Any CPU.ActiveCfg = Release|Any CPU
		{8404D97A-A740-4673-B7E4-1D16F57D66E4}.Release|Any CPU.Build.0 = Release|Any CPU
	EndGlobalSection
	GlobalSection(SolutionProperties) = preSolution
		HideSolutionNode = FALSE
	EndGlobalSection
	GlobalSection(ExtensibilityGlobals) = postSolution
		SolutionGuid = {F2D8DF77-8F0B-4234-9826-EBA8A62F360C}
	EndGlobalSection
EndGlobal
